
Microsoft Visual Studio Solution File, Format Version 12.00
# Visual Studio Version 16
VisualStudioVersion = 16.0.30503.244
MinimumVisualStudioVersion = 10.0.40219.1
Project("{FAE04EC0-301F-11D3-BF4B-00C04F79EFBC}") = "QuanLyWinDowVaOffice", "QuanLyWinDowVaOffice.csproj", "{E3617DB2-E88A-46C9-AD6D-ECAAB8DDE32C}"
EndProject
Global
	GlobalSection(SolutionConfigurationPlatforms) = preSolution
		Debug|Any CPU = Debug|Any CPU
		Release|Any CPU = Release|Any CPU
	EndGlobalSection
	GlobalSection(ProjectConfigurationPlatforms) = postSolution
		{E3617DB2-E88A-46C9-AD6D-ECAAB8DDE32C}.Debug|Any CPU.ActiveCfg = Debug|Any CPU
		{E3617DB2-E88A-46C9-AD6D-ECAAB8DDE32C}.Debug|Any CPU.Build.0 = Debug|Any CPU
		{E3617DB2-E88A-46C9-AD6D-ECAAB8DDE32C}.Release|Any CPU.ActiveCfg = Release|Any CPU
		{E3617DB2-E88A-46C9-AD6D-ECAAB8DDE32C}.Release|Any CPU.Build.0 = Release|Any CPU
	EndGlobalSection
	GlobalSection(SolutionProperties) = preSolution
		HideSolutionNode = FALSE
	EndGlobalSection
	GlobalSection(ExtensibilityGlobals) = postSolution
		SolutionGuid = {A5510E8D-3DD5-4BC8-9435-4FE36299BF10}
	EndGlobalSection
EndGlobal
